// !$*UTF8*$!
{
	archiveVersion = 1;
	classes = {
	};
	objectVersion = 46;
	objects = {

/* Begin PBXBuildFile section */
		26D72DF71B887BC000D15D68 /* main.m in Sources */ = {isa = PBXBuildFile; fileRef = 26D72DF61B887BC000D15D68 /* main.m */; };
		26D72DFA1B887BC000D15D68 /* AppDelegate.m in Sources */ = {isa = PBXBuildFile; fileRef = 26D72DF91B887BC000D15D68 /* AppDelegate.m */; };
		26D72DFD1B887BC000D15D68 /* ViewController.m in Sources */ = {isa = PBXBuildFile; fileRef = 26D72DFC1B887BC000D15D68 /* ViewController.m */; };
		26D72E001B887BC000D15D68 /* Main.storyboard in Resources */ = {isa = PBXBuildFile; fileRef = 26D72DFE1B887BC000D15D68 /* Main.storyboard */; };
		26D72E021B887BC000D15D68 /* Images.xcassets in Resources */ = {isa = PBXBuildFile; fileRef = 26D72E011B887BC000D15D68 /* Images.xcassets */; };
		26D72E051B887BC000D15D68 /* LaunchScreen.xib in Resources */ = {isa = PBXBuildFile; fileRef = 26D72E031B887BC000D15D68 /* LaunchScreen.xib */; };
		26D72E1D1B887D0300D15D68 /* SampleFormController.m in Sources */ = {isa = PBXBuildFile; fileRef = 26D72E1C1B887D0300D15D68 /* SampleFormController.m */; };
		26D72E201B887D1300D15D68 /* FORMObj.m in Sources */ = {isa = PBXBuildFile; fileRef = 26D72E1F1B887D1300D15D68 /* FORMObj.m */; };
		26D72E271B887E2800D15D68 /* HJFXFormsJVFloatLabeledTextField.m in Sources */ = {isa = PBXBuildFile; fileRef = 26D72E261B887E2800D15D68 /* HJFXFormsJVFloatLabeledTextField.m */; };
		82F24ED0D8786837DBA0BD46 /* libPods.a in Frameworks */ = {isa = PBXBuildFile; fileRef = 8B92FC4D6507CF21F2CD015A /* libPods.a */; };
/* End PBXBuildFile section */

/* Begin PBXContainerItemProxy section */
		26D72E0B1B887BC000D15D68 /* PBXContainerItemProxy */ = {
			isa = PBXContainerItemProxy;
			containerPortal = 26D72DE91B887BC000D15D68 /* Project object */;
			proxyType = 1;
			remoteGlobalIDString = 26D72DF01B887BC000D15D68;
			remoteInfo = sdfs;
		};
/* End PBXContainerItemProxy section */

/* Begin PBXFileReference section */
		26D72DF11B887BC000D15D68 /* HJFXFormsJVFloatLabeledTextField_DEMO.app */ = {isa = PBXFileReference; explicitFileType = wrapper.application; includeInIndex = 0; path = HJFXFormsJVFloatLabeledTextField_DEMO.app; sourceTree = BUILT_PRODUCTS_DIR; };
		26D72DF51B887BC000D15D68 /* Info.plist */ = {isa = PBXFileReference; lastKnownFileType = text.plist.xml; path = Info.plist; sourceTree = "<group>"; };
		26D72DF61B887BC000D15D68 /* main.m */ = {isa = PBXFileReference; lastKnownFileType = sourcecode.c.objc; path = main.m; sourceTree = "<group>"; };
		26D72DF81B887BC000D15D68 /* AppDelegate.h */ = {isa = PBXFileReference; lastKnownFileType = sourcecode.c.h; path = AppDelegate.h; sourceTree = "<group>"; };
		26D72DF91B887BC000D15D68 /* AppDelegate.m */ = {isa = PBXFileReference; lastKnownFileType = sourcecode.c.objc; path = AppDelegate.m; sourceTree = "<group>"; };
		26D72DFB1B887BC000D15D68 /* ViewController.h */ = {isa = PBXFileReference; lastKnownFileType = sourcecode.c.h; path = ViewController.h; sourceTree = "<group>"; };
		26D72DFC1B887BC000D15D68 /* ViewController.m */ = {isa = PBXFileReference; lastKnownFileType = sourcecode.c.objc; path = ViewController.m; sourceTree = "<group>"; };
		26D72DFF1B887BC000D15D68 /* Base */ = {isa = PBXFileReference; lastKnownFileType = file.storyboard; name = Base; path = Base.lproj/Main.storyboard; sourceTree = "<group>"; };
		26D72E011B887BC000D15D68 /* Images.xcassets */ = {isa = PBXFileReference; lastKnownFileType = folder.assetcatalog; path = Images.xcassets; sourceTree = "<group>"; };
		26D72E041B887BC000D15D68 /* Base */ = {isa = PBXFileReference; lastKnownFileType = file.xib; name = Base; path = Base.lproj/LaunchScreen.xib; sourceTree = "<group>"; };
		26D72E0A1B887BC000D15D68 /* HJFXFormsJVFloatLabeledTextField_DEMOTests.xctest */ = {isa = PBXFileReference; explicitFileType = wrapper.cfbundle; includeInIndex = 0; path = HJFXFormsJVFloatLabeledTextField_DEMOTests.xctest; sourceTree = BUILT_PRODUCTS_DIR; };
		26D72E1B1B887D0300D15D68 /* SampleFormController.h */ = {isa = PBXFileReference; fileEncoding = 4; lastKnownFileType = sourcecode.c.h; path = SampleFormController.h; sourceTree = "<group>"; };
		26D72E1C1B887D0300D15D68 /* SampleFormController.m */ = {isa = PBXFileReference; fileEncoding = 4; lastKnownFileType = sourcecode.c.objc; path = SampleFormController.m; sourceTree = "<group>"; };
		26D72E1E1B887D1300D15D68 /* FORMObj.h */ = {isa = PBXFileReference; fileEncoding = 4; lastKnownFileType = sourcecode.c.h; path = FORMObj.h; sourceTree = "<group>"; };
		26D72E1F1B887D1300D15D68 /* FORMObj.m */ = {isa = PBXFileReference; fileEncoding = 4; lastKnownFileType = sourcecode.c.objc; path = FORMObj.m; sourceTree = "<group>"; };
		26D72E251B887E2800D15D68 /* HJFXFormsJVFloatLabeledTextField.h */ = {isa = PBXFileReference; fileEncoding = 4; lastKnownFileType = sourcecode.c.h; path = HJFXFormsJVFloatLabeledTextField.h; sourceTree = "<group>"; };
		26D72E261B887E2800D15D68 /* HJFXFormsJVFloatLabeledTextField.m */ = {isa = PBXFileReference; fileEncoding = 4; lastKnownFileType = sourcecode.c.objc; path = HJFXFormsJVFloatLabeledTextField.m; sourceTree = "<group>"; };
		8B92FC4D6507CF21F2CD015A /* libPods.a */ = {isa = PBXFileReference; explicitFileType = archive.ar; includeInIndex = 0; path = libPods.a; sourceTree = BUILT_PRODUCTS_DIR; };
		8BB4046DB4CE2C3D09989E1A /* Pods.debug.xcconfig */ = {isa = PBXFileReference; includeInIndex = 1; lastKnownFileType = text.xcconfig; name = Pods.debug.xcconfig; path = "Pods/Target Support Files/Pods/Pods.debug.xcconfig"; sourceTree = "<group>"; };
		8F74328C2288342AB725F262 /* Pods.release.xcconfig */ = {isa = PBXFileReference; includeInIndex = 1; lastKnownFileType = text.xcconfig; name = Pods.release.xcconfig; path = "Pods/Target Support Files/Pods/Pods.release.xcconfig"; sourceTree = "<group>"; };
/* End PBXFileReference section */

/* Begin PBXFrameworksBuildPhase section */
		26D72DEE1B887BC000D15D68 /* Frameworks */ = {
			isa = PBXFrameworksBuildPhase;
			buildActionMask = 2147483647;
			files = (
				82F24ED0D8786837DBA0BD46 /* libPods.a in Frameworks */,
			);
			runOnlyForDeploymentPostprocessing = 0;
		};
		26D72E071B887BC000D15D68 /* Frameworks */ = {
			isa = PBXFrameworksBuildPhase;
			buildActionMask = 2147483647;
			files = (
			);
			runOnlyForDeploymentPostprocessing = 0;
		};
/* End PBXFrameworksBuildPhase section */

/* Begin PBXGroup section */
		26D72DE81B887BC000D15D68 = {
			isa = PBXGroup;
			children = (
				26D72DF31B887BC000D15D68 /* HJFXFormsJVFloatLabeledTextFieldDEMO */,
				26D72DF21B887BC000D15D68 /* Products */,
				74E1D6C4E3DAF48287063DD2 /* Pods */,
				374E6511B16F68254501A8A7 /* Frameworks */,
			);
			sourceTree = "<group>";
		};
		26D72DF21B887BC000D15D68 /* Products */ = {
			isa = PBXGroup;
			children = (
				26D72DF11B887BC000D15D68 /* HJFXFormsJVFloatLabeledTextField_DEMO.app */,
				26D72E0A1B887BC000D15D68 /* HJFXFormsJVFloatLabeledTextField_DEMOTests.xctest */,
			);
			name = Products;
			sourceTree = "<group>";
		};
		26D72DF31B887BC000D15D68 /* HJFXFormsJVFloatLabeledTextFieldDEMO */ = {
			isa = PBXGroup;
			children = (
				26D72E211B887DD300D15D68 /* HJFXFormsJVFloatLabeledTextField */,
				26D72E1A1B887CEB00D15D68 /* FORM */,
				26D72DF81B887BC000D15D68 /* AppDelegate.h */,
				26D72DF91B887BC000D15D68 /* AppDelegate.m */,
				26D72DFB1B887BC000D15D68 /* ViewController.h */,
				26D72DFC1B887BC000D15D68 /* ViewController.m */,
				26D72DFE1B887BC000D15D68 /* Main.storyboard */,
				26D72E011B887BC000D15D68 /* Images.xcassets */,
				26D72E031B887BC000D15D68 /* LaunchScreen.xib */,
				26D72DF41B887BC000D15D68 /* Supporting Files */,
			);
			path = HJFXFormsJVFloatLabeledTextFieldDEMO;
			sourceTree = "<group>";
		};
		26D72DF41B887BC000D15D68 /* Supporting Files */ = {
			isa = PBXGroup;
			children = (
				26D72DF51B887BC000D15D68 /* Info.plist */,
				26D72DF61B887BC000D15D68 /* main.m */,
			);
			path = "Supporting Files";
			sourceTree = "<group>";
		};
		26D72E1A1B887CEB00D15D68 /* FORM */ = {
			isa = PBXGroup;
			children = (
				26D72E1B1B887D0300D15D68 /* SampleFormController.h */,
				26D72E1C1B887D0300D15D68 /* SampleFormController.m */,
				26D72E1E1B887D1300D15D68 /* FORMObj.h */,
				26D72E1F1B887D1300D15D68 /* FORMObj.m */,
			);
			path = FORM;
			sourceTree = "<group>";
		};
		26D72E211B887DD300D15D68 /* HJFXFormsJVFloatLabeledTextField */ = {
			isa = PBXGroup;
			children = (
				26D72E251B887E2800D15D68 /* HJFXFormsJVFloatLabeledTextField.h */,
				26D72E261B887E2800D15D68 /* HJFXFormsJVFloatLabeledTextField.m */,
			);
			path = HJFXFormsJVFloatLabeledTextField;
			sourceTree = "<group>";
		};
		374E6511B16F68254501A8A7 /* Frameworks */ = {
			isa = PBXGroup;
			children = (
				8B92FC4D6507CF21F2CD015A /* libPods.a */,
			);
			name = Frameworks;
			sourceTree = "<group>";
		};
		74E1D6C4E3DAF48287063DD2 /* Pods */ = {
			isa = PBXGroup;
			children = (
				8BB4046DB4CE2C3D09989E1A /* Pods.debug.xcconfig */,
				8F74328C2288342AB725F262 /* Pods.release.xcconfig */,
			);
			name = Pods;
			sourceTree = "<group>";
		};
/* End PBXGroup section */

/* Begin PBXNativeTarget section */
		26D72DF01B887BC000D15D68 /* HJFXFormsJVFloatLabeledTextField_DEMO */ = {
			isa = PBXNativeTarget;
			buildConfigurationList = 26D72E141B887BC000D15D68 /* Build configuration list for PBXNativeTarget "HJFXFormsJVFloatLabeledTextField_DEMO" */;
			buildPhases = (
				8FA607A2DB4B03395A61DB24 /* Check Pods Manifest.lock */,
				26D72DED1B887BC000D15D68 /* Sources */,
				26D72DEE1B887BC000D15D68 /* Frameworks */,
				26D72DEF1B887BC000D15D68 /* Resources */,
				C9BF6A7E69B554B1F967DDC5 /* Copy Pods Resources */,
			);
			buildRules = (
			);
			dependencies = (
			);
			name = HJFXFormsJVFloatLabeledTextField_DEMO;
			productName = sdfs;
			productReference = 26D72DF11B887BC000D15D68 /* HJFXFormsJVFloatLabeledTextField_DEMO.app */;
			productType = "com.apple.product-type.application";
		};
		26D72E091B887BC000D15D68 /* HJFXFormsJVFloatLabeledTextField_DEMOTests */ = {
			isa = PBXNativeTarget;
			buildConfigurationList = 26D72E171B887BC000D15D68 /* Build configuration list for PBXNativeTarget "HJFXFormsJVFloatLabeledTextField_DEMOTests" */;
			buildPhases = (
				26D72E061B887BC000D15D68 /* Sources */,
				26D72E071B887BC000D15D68 /* Frameworks */,
				26D72E081B887BC000D15D68 /* Resources */,
			);
			buildRules = (
			);
			dependencies = (
				26D72E0C1B887BC000D15D68 /* PBXTargetDependency */,
			);
			name = HJFXFormsJVFloatLabeledTextField_DEMOTests;
			productName = sdfsTests;
			productReference = 26D72E0A1B887BC000D15D68 /* HJFXFormsJVFloatLabeledTextField_DEMOTests.xctest */;
			productType = "com.apple.product-type.bundle.unit-test";
		};
/* End PBXNativeTarget section */

/* Begin PBXProject section */
		26D72DE91B887BC000D15D68 /* Project object */ = {
			isa = PBXProject;
			attributes = {
				LastUpgradeCheck = 0640;
				ORGANIZATIONNAME = Helmut;
				TargetAttributes = {
					26D72DF01B887BC000D15D68 = {
						CreatedOnToolsVersion = 6.4;
					};
					26D72E091B887BC000D15D68 = {
						CreatedOnToolsVersion = 6.4;
						TestTargetID = 26D72DF01B887BC000D15D68;
					};
				};
			};
			buildConfigurationList = 26D72DEC1B887BC000D15D68 /* Build configuration list for PBXProject "HJFXFormsJVFloatLabeledTextField_DEMO" */;
			compatibilityVersion = "Xcode 3.2";
			developmentRegion = English;
			hasScannedForEncodings = 0;
			knownRegions = (
				en,
				Base,
			);
			mainGroup = 26D72DE81B887BC000D15D68;
			productRefGroup = 26D72DF21B887BC000D15D68 /* Products */;
			projectDirPath = "";
			projectRoot = "";
			targets = (
				26D72DF01B887BC000D15D68 /* HJFXFormsJVFloatLabeledTextField_DEMO */,
				26D72E091B887BC000D15D68 /* HJFXFormsJVFloatLabeledTextField_DEMOTests */,
			);
		};
/* End PBXProject section */

/* Begin PBXResourcesBuildPhase section */
		26D72DEF1B887BC000D15D68 /* Resources */ = {
			isa = PBXResourcesBuildPhase;
			buildActionMask = 2147483647;
			files = (
				26D72E001B887BC000D15D68 /* Main.storyboard in Resources */,
				26D72E051B887BC000D15D68 /* LaunchScreen.xib in Resources */,
				26D72E021B887BC000D15D68 /* Images.xcassets in Resources */,
			);
			runOnlyForDeploymentPostprocessing = 0;
		};
		26D72E081B887BC000D15D68 /* Resources */ = {
			isa = PBXResourcesBuildPhase;
			buildActionMask = 2147483647;
			files = (
			);
			runOnlyForDeploymentPostprocessing = 0;
		};
/* End PBXResourcesBuildPhase section */

/* Begin PBXShellScriptBuildPhase section */
		8FA607A2DB4B03395A61DB24 /* Check Pods Manifest.lock */ = {
			isa = PBXShellScriptBuildPhase;
			buildActionMask = 2147483647;
			files = (
			);
			inputPaths = (
			);
			name = "Check Pods Manifest.lock";
			outputPaths = (
			);
			runOnlyForDeploymentPostprocessing = 0;
			shellPath = /bin/sh;
			shellScript = "diff \"${PODS_ROOT}/../Podfile.lock\" \"${PODS_ROOT}/Manifest.lock\" > /dev/null\nif [[ $? != 0 ]] ; then\n    cat << EOM\nerror: The sandbox is not in sync with the Podfile.lock. Run 'pod install' or update your CocoaPods installation.\nEOM\n    exit 1\nfi\n";
			showEnvVarsInLog = 0;
		};
		C9BF6A7E69B554B1F967DDC5 /* Copy Pods Resources */ = {
			isa = PBXShellScriptBuildPhase;
			buildActionMask = 2147483647;
			files = (
			);
			inputPaths = (
			);
			name = "Copy Pods Resources";
			outputPaths = (
			);
			runOnlyForDeploymentPostprocessing = 0;
			shellPath = /bin/sh;
			shellScript = "\"${SRCROOT}/Pods/Target Support Files/Pods/Pods-resources.sh\"\n";
			showEnvVarsInLog = 0;
		};
/* End PBXShellScriptBuildPhase section */

/* Begin PBXSourcesBuildPhase section */
		26D72DED1B887BC000D15D68 /* Sources */ = {
			isa = PBXSourcesBuildPhase;
			buildActionMask = 2147483647;
			files = (
				26D72DFD1B887BC000D15D68 /* ViewController.m in Sources */,
				26D72E201B887D1300D15D68 /* FORMObj.m in Sources */,
				26D72DFA1B887BC000D15D68 /* AppDelegate.m in Sources */,
				26D72E271B887E2800D15D68 /* HJFXFormsJVFloatLabeledTextField.m in Sources */,
				26D72DF71B887BC000D15D68 /* main.m in Sources */,
				26D72E1D1B887D0300D15D68 /* SampleFormController.m in Sources */,
			);
			runOnlyForDeploymentPostprocessing = 0;
		};
		26D72E061B887BC000D15D68 /* Sources */ = {
			isa = PBXSourcesBuildPhase;
			buildActionMask = 2147483647;
			files = (
			);
			runOnlyForDeploymentPostprocessing = 0;
		};
/* End PBXSourcesBuildPhase section */

/* Begin PBXTargetDependency section */
		26D72E0C1B887BC000D15D68 /* PBXTargetDependency */ = {
			isa = PBXTargetDependency;
			target = 26D72DF01B887BC000D15D68 /* HJFXFormsJVFloatLabeledTextField_DEMO */;
			targetProxy = 26D72E0B1B887BC000D15D68 /* PBXContainerItemProxy */;
		};
/* End PBXTargetDependency section */

/* Begin PBXVariantGroup section */
		26D72DFE1B887BC000D15D68 /* Main.storyboard */ = {
			isa = PBXVariantGroup;
			children = (
				26D72DFF1B887BC000D15D68 /* Base */,
			);
			name = Main.storyboard;
			path = .;
			sourceTree = "<group>";
		};
		26D72E031B887BC000D15D68 /* LaunchScreen.xib */ = {
			isa = PBXVariantGroup;
			children = (
				26D72E041B887BC000D15D68 /* Base */,
			);
			name = LaunchScreen.xib;
			path = .;
			sourceTree = "<group>";
		};
/* End PBXVariantGroup section */

/* Begin XCBuildConfiguration section */
		26D72E121B887BC000D15D68 /* Debug */ = {
			isa = XCBuildConfiguration;
			buildSettings = {
				ALWAYS_SEARCH_USER_PATHS = NO;
				CLANG_CXX_LANGUAGE_STANDARD = "gnu++0x";
				CLANG_CXX_LIBRARY = "libc++";
				CLANG_ENABLE_MODULES = YES;
				CLANG_ENABLE_OBJC_ARC = YES;
				CLANG_WARN_BOOL_CONVERSION = YES;
				CLANG_WARN_CONSTANT_CONVERSION = YES;
				CLANG_WARN_DIRECT_OBJC_ISA_USAGE = YES_ERROR;
				CLANG_WARN_EMPTY_BODY = YES;
				CLANG_WARN_ENUM_CONVERSION = YES;
				CLANG_WARN_INT_CONVERSION = YES;
				CLANG_WARN_OBJC_ROOT_CLASS = YES_ERROR;
				CLANG_WARN_UNREACHABLE_CODE = YES;
				CLANG_WARN__DUPLICATE_METHOD_MATCH = YES;
				"CODE_SIGN_IDENTITY[sdk=iphoneos*]" = "iPhone Developer";
				COPY_PHASE_STRIP = NO;
				DEBUG_INFORMATION_FORMAT = "dwarf-with-dsym";
				ENABLE_STRICT_OBJC_MSGSEND = YES;
				GCC_C_LANGUAGE_STANDARD = gnu99;
				GCC_DYNAMIC_NO_PIC = NO;
				GCC_NO_COMMON_BLOCKS = YES;
				GCC_OPTIMIZATION_LEVEL = 0;
				GCC_PREPROCESSOR_DEFINITIONS = (
					"DEBUG=1",
					"$(inherited)",
				);
				GCC_SYMBOLS_PRIVATE_EXTERN = NO;
				GCC_WARN_64_TO_32_BIT_CONVERSION = YES;
				GCC_WARN_ABOUT_RETURN_TYPE = YES_ERROR;
				GCC_WARN_UNDECLARED_SELECTOR = YES;
				GCC_WARN_UNINITIALIZED_AUTOS = YES_AGGRESSIVE;
				GCC_WARN_UNUSED_FUNCTION = YES;
				GCC_WARN_UNUSED_VARIABLE = YES;
				IPHONEOS_DEPLOYMENT_TARGET = 8.4;
				MTL_ENABLE_DEBUG_INFO = YES;
				ONLY_ACTIVE_ARCH = YES;
				SDKROOT = iphoneos;
				TARGETED_DEVICE_FAMILY = "1,2";
			};
			name = Debug;
		};
		26D72E131B887BC000D15D68 /* Release */ = {
			isa = XCBuildConfiguration;
			buildSettings = {
				ALWAYS_SEARCH_USER_PATHS = NO;
				CLANG_CXX_LANGUAGE_STANDARD = "gnu++0x";
				CLANG_CXX_LIBRARY = "libc++";
				CLANG_ENABLE_MODULES = YES;
				CLANG_ENABLE_OBJC_ARC = YES;
				CLANG_WARN_BOOL_CONVERSION = YES;
				CLANG_WARN_CONSTANT_CONVERSION = YES;
				CLANG_WARN_DIRECT_OBJC_ISA_USAGE = YES_ERROR;
				CLANG_WARN_EMPTY_BODY = YES;
				CLANG_WARN_ENUM_CONVERSION = YES;
				CLANG_WARN_INT_CONVERSION = YES;
				CLANG_WARN_OBJC_ROOT_CLASS = YES_ERROR;
				CLANG_WARN_UNREACHABLE_CODE = YES;
				CLANG_WARN__DUPLICATE_METHOD_MATCH = YES;
				"CODE_SIGN_IDENTITY[sdk=iphoneos*]" = "iPhone Developer";
				COPY_PHASE_STRIP = NO;
				DEBUG_INFORMATION_FORMAT = "dwarf-with-dsym";
				ENABLE_NS_ASSERTIONS = NO;
				ENABLE_STRICT_OBJC_MSGSEND = YES;
				GCC_C_LANGUAGE_STANDARD = gnu99;
				GCC_NO_COMMON_BLOCKS = YES;
				GCC_WARN_64_TO_32_BIT_CONVERSION = YES;
				GCC_WARN_ABOUT_RETURN_TYPE = YES_ERROR;
				GCC_WARN_UNDECLARED_SELECTOR = YES;
				GCC_WARN_UNINITIALIZED_AUTOS = YES_AGGRESSIVE;
				GCC_WARN_UNUSED_FUNCTION = YES;
				GCC_WARN_UNUSED_VARIABLE = YES;
				IPHONEOS_DEPLOYMENT_TARGET = 8.4;
				MTL_ENABLE_DEBUG_INFO = NO;
				SDKROOT = iphoneos;
				TARGETED_DEVICE_FAMILY = "1,2";
				VALIDATE_PRODUCT = YES;
			};
			name = Release;
		};
		26D72E151B887BC000D15D68 /* Debug */ = {
			isa = XCBuildConfiguration;
			baseConfigurationReference = 8BB4046DB4CE2C3D09989E1A /* Pods.debug.xcconfig */;
			buildSettings = {
				ASSETCATALOG_COMPILER_APPICON_NAME = AppIcon;
				INFOPLIST_FILE = "HJFXFormsJVFloatLabeledTextFieldDEMO/Supporting Files/Info.plist";
				LD_RUNPATH_SEARCH_PATHS = "$(inherited) @executable_path/Frameworks";
				PRODUCT_NAME = HJFXFormsJVFloatLabeledTextField_DEMO;
			};
			name = Debug;
		};
		26D72E161B887BC000D15D68 /* Release */ = {
			isa = XCBuildConfiguration;
			baseConfigurationReference = 8F74328C2288342AB725F262 /* Pods.release.xcconfig */;
			buildSettings = {
				ASSETCATALOG_COMPILER_APPICON_NAME = AppIcon;
				INFOPLIST_FILE = "HJFXFormsJVFloatLabeledTextFieldDEMO/Supporting Files/Info.plist";
				LD_RUNPATH_SEARCH_PATHS = "$(inherited) @executable_path/Frameworks";
				PRODUCT_NAME = HJFXFormsJVFloatLabeledTextField_DEMO;
			};
			name = Release;
		};
		26D72E181B887BC000D15D68 /* Debug */ = {
			isa = XCBuildConfiguration;
			buildSettings = {
				BUNDLE_LOADER = "$(TEST_HOST)";
				FRAMEWORK_SEARCH_PATHS = (
					"$(SDKROOT)/Developer/Library/Frameworks",
					"$(inherited)",
				);
				GCC_PREPROCESSOR_DEFINITIONS = (
					"DEBUG=1",
					"$(inherited)",
				);
				INFOPLIST_FILE = "sdfsTests/Supporting Files/Info.plist";
				LD_RUNPATH_SEARCH_PATHS = "$(inherited) @executable_path/Frameworks @loader_path/Frameworks";
				PRODUCT_NAME = HJFXFormsJVFloatLabeledTextField_DEMOTests;
				TEST_HOST = "$(BUILT_PRODUCTS_DIR)/sdfs.app/sdfs";
			};
			name = Debug;
		};
		26D72E191B887BC000D15D68 /* Release */ = {
			isa = XCBuildConfiguration;
			buildSettings = {
				BUNDLE_LOADER = "$(TEST_HOST)";
				FRAMEWORK_SEARCH_PATHS = (
					"$(SDKROOT)/Developer/Library/Frameworks",
					"$(inherited)",
				);
				INFOPLIST_FILE = "sdfsTests/Supporting Files/Info.plist";
				LD_RUNPATH_SEARCH_PATHS = "$(inherited) @executable_path/Frameworks @loader_path/Frameworks";
				PRODUCT_NAME = HJFXFormsJVFloatLabeledTextField_DEMOTests;
				TEST_HOST = "$(BUILT_PRODUCTS_DIR)/sdfs.app/sdfs";
			};
			name = Release;
		};
/* End XCBuildConfiguration section */

/* Begin XCConfigurationList section */
		26D72DEC1B887BC000D15D68 /* Build configuration list for PBXProject "HJFXFormsJVFloatLabeledTextField_DEMO" */ = {
			isa = XCConfigurationList;
			buildConfigurations = (
				26D72E121B887BC000D15D68 /* Debug */,
				26D72E131B887BC000D15D68 /* Release */,
			);
			defaultConfigurationIsVisible = 0;
			defaultConfigurationName = Release;
		};
		26D72E141B887BC000D15D68 /* Build configuration list for PBXNativeTarget "HJFXFormsJVFloatLabeledTextField_DEMO" */ = {
			isa = XCConfigurationList;
			buildConfigurations = (
				26D72E151B887BC000D15D68 /* Debug */,
				26D72E161B887BC000D15D68 /* Release */,
			);
			defaultConfigurationIsVisible = 0;
			defaultConfigurationName = Release;
		};
		26D72E171B887BC000D15D68 /* Build configuration list for PBXNativeTarget "HJFXFormsJVFloatLabeledTextField_DEMOTests" */ = {
			isa = XCConfigurationList;
			buildConfigurations = (
				26D72E181B887BC000D15D68 /* Debug */,
				26D72E191B887BC000D15D68 /* Release */,
			);
			defaultConfigurationIsVisible = 0;
			defaultConfigurationName = Release;
		};
/* End XCConfigurationList section */
	};
	rootObject = 26D72DE91B887BC000D15D68 /* Project object */;
}
